PODS:
  - Alamofire (4.5.0)
  - EZSwiftExtensions (1.10)
  - Kingfisher (3.10.3)
  - Moya (8.0.5):
    - Moya/Core (= 8.0.5)
  - Moya/Core (8.0.5):
    - Alamofire (~> 4.1)
    - Result (~> 3.0)
  - ObjectMapper (2.2.8)
  - RAMPaperSwitch (2.0.5)
  - Realm (2.8.3):
    - Realm/Headers (= 2.8.3)
  - Realm/Headers (2.8.3)
  - RealmSwift (2.8.3):
    - Realm (= 2.8.3)
  - Result (3.2.3)
  - Spring (1.0.3)
  - SwiftyJSON (3.1.4)

DEPENDENCIES:
  - Alamofire (~> 4.4)
  - EZSwiftExtensions
  - Kingfisher (~> 3.0)
  - Moya
  - ObjectMapper (~> 2.2)
  - RAMPaperSwitch (~> 2.0.4)
  - RealmSwift
  - Spring (from `https://github.com/MengTo/Spring.git`, branch `swift3`)
  - SwiftyJSON

EXTERNAL SOURCES:
  Spring:
    :branch: swift3
    :git: https://github.com/MengTo/Spring.git

CHECKOUT OPTIONS:
  Spring:
    :commit: 8201b5c93bd7ebdf4cd18160bcde1e6e88c2be64
    :git: https://github.com/MengTo/Spring.git

SPEC CHECKSUMS:
  Alamofire: f28cdffd29de33a7bfa022cbd63ae95a27fae140
  EZSwiftExtensions: 172160bfb3635161c8b833d9111961ff3e6f517d
  Kingfisher: a0ac82dc5bcf0388dd74b294cf2cc13730c63436
  Moya: c37eec09a098ba9991b5a963b291fc5704bdb9ef
  ObjectMapper: 3d571bb5af471c779e1160828cd9ad5c4ef90958
  RAMPaperSwitch: 8e547186be122e858aa060596708f0dcbfe7593f
  Realm: 3601ef091c8c499a31101d8563b991e75546cdce
  RealmSwift: 8183818515471b01a99abdd2970f8e4fd52b6f4a
  Result: 128640a6347e8d2ae48b142556739a2d13f90ce6
  Spring: 3f02b5dc3308572ef177b3cad0fa7bbc4b0706f7
  SwiftyJSON: c2842d878f95482ffceec5709abc3d05680c0220

PODFILE CHECKSUM: 39e1ac02a61c757a45ff468c418597ac29ab0fd8

COCOAPODS: 1.2.1
